
Microsoft Visual Studio Solution File, Format Version 12.00
# Visual Studio Version 17
VisualStudioVersion = 17.5.33530.505
MinimumVisualStudioVersion = 10.0.40219.1
Project("{9A19103F-16F7-4668-BE54-9A1E7A4F7556}") = "sharpagi", "sharpagi.csproj", "{4D2045ED-8623-41EC-9834-5ED038ED9EFF}"
EndProject
Global
	GlobalSection(SolutionConfigurationPlatforms) = preSolution
		Debug|Any CPU = Debug|Any CPU
		Release|Any CPU = Release|Any CPU
	EndGlobalSection
	GlobalSection(ProjectConfigurationPlatforms) = postSolution
		{4D2045ED-8623-41EC-9834-5ED038ED9EFF}.Debug|Any CPU.ActiveCfg = Debug|Any CPU
		{4D2045ED-8623-41EC-9834-5ED038ED9EFF}.Debug|Any CPU.Build.0 = Debug|Any CPU
		{4D2045ED-8623-41EC-9834-5ED038ED9EFF}.Release|Any CPU.ActiveCfg = Release|Any CPU
		{4D2045ED-8623-41EC-9834-5ED038ED9EFF}.Release|Any CPU.Build.0 = Release|Any CPU
	EndGlobalSection
	GlobalSection(SolutionProperties) = preSolution
		HideSolutionNode = FALSE
	EndGlobalSection
	GlobalSection(ExtensibilityGlobals) = postSolution
		SolutionGuid = {1D3E9387-D764-40D7-BE02-0D02247C4ED7}
	EndGlobalSection
EndGlobal
